// !$*UTF8*$!
{
	archiveVersion = 1;
	classes = {
	};
	objectVersion = 50;
	objects = {

/* Begin PBXBuildFile section */
		5018D6B422F4F94300057AB0 /* CustomPhotoAlbum.swift in Sources */ = {isa = PBXBuildFile; fileRef = 5018D6B322F4F94300057AB0 /* CustomPhotoAlbum.swift */; };
		5018D6B722F4F99900057AB0 /* Photos.framework in Frameworks */ = {isa = PBXBuildFile; fileRef = 5018D6B622F4F99900057AB0 /* Photos.framework */; };
		5018D6B922F5075300057AB0 /* DataManager.swift in Sources */ = {isa = PBXBuildFile; fileRef = 5018D6B822F5075300057AB0 /* DataManager.swift */; };
		5018D6BB22F50F2300057AB0 /* CoreData.framework in Frameworks */ = {isa = PBXBuildFile; fileRef = 5018D6BA22F50F2300057AB0 /* CoreData.framework */; };
		5018D6BE22F5122D00057AB0 /* Images.xcdatamodeld in Sources */ = {isa = PBXBuildFile; fileRef = 5018D6BC22F5122D00057AB0 /* Images.xcdatamodeld */; };
		5018D6C122F5164700057AB0 /* Imagen+CoreDataClass.swift in Sources */ = {isa = PBXBuildFile; fileRef = 5018D6BF22F5164700057AB0 /* Imagen+CoreDataClass.swift */; };
		5018D6C222F5164700057AB0 /* Imagen+CoreDataProperties.swift in Sources */ = {isa = PBXBuildFile; fileRef = 5018D6C022F5164700057AB0 /* Imagen+CoreDataProperties.swift */; };
		501AD79922EC984F00315CB9 /* AppDelegate.swift in Sources */ = {isa = PBXBuildFile; fileRef = 501AD79822EC984F00315CB9 /* AppDelegate.swift */; };
		501AD79B22EC984F00315CB9 /* ViewController.swift in Sources */ = {isa = PBXBuildFile; fileRef = 501AD79A22EC984F00315CB9 /* ViewController.swift */; };
		501AD79E22EC984F00315CB9 /* Main.storyboard in Resources */ = {isa = PBXBuildFile; fileRef = 501AD79C22EC984F00315CB9 /* Main.storyboard */; };
		501AD7A022EC985200315CB9 /* Assets.xcassets in Resources */ = {isa = PBXBuildFile; fileRef = 501AD79F22EC985200315CB9 /* Assets.xcassets */; };
		501AD7A322EC985200315CB9 /* LaunchScreen.storyboard in Resources */ = {isa = PBXBuildFile; fileRef = 501AD7A122EC985200315CB9 /* LaunchScreen.storyboard */; };
/* End PBXBuildFile section */

/* Begin PBXFileReference section */
		5018D6B322F4F94300057AB0 /* CustomPhotoAlbum.swift */ = {isa = PBXFileReference; fileEncoding = 4; lastKnownFileType = sourcecode.swift; path = CustomPhotoAlbum.swift; sourceTree = "<group>"; };
		5018D6B622F4F99900057AB0 /* Photos.framework */ = {isa = PBXFileReference; lastKnownFileType = wrapper.framework; name = Photos.framework; path = System/Library/Frameworks/Photos.framework; sourceTree = SDKROOT; };
		5018D6B822F5075300057AB0 /* DataManager.swift */ = {isa = PBXFileReference; lastKnownFileType = sourcecode.swift; path = DataManager.swift; sourceTree = "<group>"; };
		5018D6BA22F50F2300057AB0 /* CoreData.framework */ = {isa = PBXFileReference; lastKnownFileType = wrapper.framework; name = CoreData.framework; path = System/Library/Frameworks/CoreData.framework; sourceTree = SDKROOT; };
		5018D6BD22F5122D00057AB0 /* Images.xcdatamodel */ = {isa = PBXFileReference; lastKnownFileType = wrapper.xcdatamodel; path = Images.xcdatamodel; sourceTree = "<group>"; };
		5018D6BF22F5164700057AB0 /* Imagen+CoreDataClass.swift */ = {isa = PBXFileReference; lastKnownFileType = sourcecode.swift; path = "Imagen+CoreDataClass.swift"; sourceTree = "<group>"; };
		5018D6C022F5164700057AB0 /* Imagen+CoreDataProperties.swift */ = {isa = PBXFileReference; lastKnownFileType = sourcecode.swift; path = "Imagen+CoreDataProperties.swift"; sourceTree = "<group>"; };
		501AD79522EC984F00315CB9 /* Images.app */ = {isa = PBXFileReference; explicitFileType = wrapper.application; includeInIndex = 0; path = Images.app; sourceTree = BUILT_PRODUCTS_DIR; };
		501AD79822EC984F00315CB9 /* AppDelegate.swift */ = {isa = PBXFileReference; lastKnownFileType = sourcecode.swift; path = AppDelegate.swift; sourceTree = "<group>"; };
		501AD79A22EC984F00315CB9 /* ViewController.swift */ = {isa = PBXFileReference; lastKnownFileType = sourcecode.swift; path = ViewController.swift; sourceTree = "<group>"; };
		501AD79D22EC984F00315CB9 /* Base */ = {isa = PBXFileReference; lastKnownFileType = file.storyboard; name = Base; path = Base.lproj/Main.storyboard; sourceTree = "<group>"; };
		501AD79F22EC985200315CB9 /* Assets.xcassets */ = {isa = PBXFileReference; lastKnownFileType = folder.assetcatalog; path = Assets.xcassets; sourceTree = "<group>"; };
		501AD7A222EC985200315CB9 /* Base */ = {isa = PBXFileReference; lastKnownFileType = file.storyboard; name = Base; path = Base.lproj/LaunchScreen.storyboard; sourceTree = "<group>"; };
		501AD7A422EC985200315CB9 /* Info.plist */ = {isa = PBXFileReference; lastKnownFileType = text.plist.xml; path = Info.plist; sourceTree = "<group>"; };
/* End PBXFileReference section */

/* Begin PBXFrameworksBuildPhase section */
		501AD79222EC984F00315CB9 /* Frameworks */ = {
			isa = PBXFrameworksBuildPhase;
			buildActionMask = 2147483647;
			files = (
				5018D6BB22F50F2300057AB0 /* CoreData.framework in Frameworks */,
				5018D6B722F4F99900057AB0 /* Photos.framework in Frameworks */,
			);
			runOnlyForDeploymentPostprocessing = 0;
		};
/* End PBXFrameworksBuildPhase section */

/* Begin PBXGroup section */
		5018D6B522F4F99800057AB0 /* Frameworks */ = {
			isa = PBXGroup;
			children = (
				5018D6BA22F50F2300057AB0 /* CoreData.framework */,
				5018D6B622F4F99900057AB0 /* Photos.framework */,
			);
			name = Frameworks;
			sourceTree = "<group>";
		};
		501AD78C22EC984F00315CB9 = {
			isa = PBXGroup;
			children = (
				5018D6BF22F5164700057AB0 /* Imagen+CoreDataClass.swift */,
				5018D6C022F5164700057AB0 /* Imagen+CoreDataProperties.swift */,
				501AD79722EC984F00315CB9 /* Images */,
				501AD79622EC984F00315CB9 /* Products */,
				5018D6B522F4F99800057AB0 /* Frameworks */,
			);
			sourceTree = "<group>";
		};
		501AD79622EC984F00315CB9 /* Products */ = {
			isa = PBXGroup;
			children = (
				501AD79522EC984F00315CB9 /* Images.app */,
			);
			name = Products;
			sourceTree = "<group>";
		};
		501AD79722EC984F00315CB9 /* Images */ = {
			isa = PBXGroup;
			children = (
				5018D6B322F4F94300057AB0 /* CustomPhotoAlbum.swift */,
				501AD79822EC984F00315CB9 /* AppDelegate.swift */,
				501AD79A22EC984F00315CB9 /* ViewController.swift */,
				501AD79C22EC984F00315CB9 /* Main.storyboard */,
				501AD79F22EC985200315CB9 /* Assets.xcassets */,
				501AD7A122EC985200315CB9 /* LaunchScreen.storyboard */,
				501AD7A422EC985200315CB9 /* Info.plist */,
				5018D6B822F5075300057AB0 /* DataManager.swift */,
				5018D6BC22F5122D00057AB0 /* Images.xcdatamodeld */,
			);
			path = Images;
			sourceTree = "<group>";
		};
/* End PBXGroup section */

/* Begin PBXNativeTarget section */
		501AD79422EC984F00315CB9 /* Images */ = {
			isa = PBXNativeTarget;
			buildConfigurationList = 501AD7A722EC985200315CB9 /* Build configuration list for PBXNativeTarget "Images" */;
			buildPhases = (
				501AD79122EC984F00315CB9 /* Sources */,
				501AD79222EC984F00315CB9 /* Frameworks */,
				501AD79322EC984F00315CB9 /* Resources */,
			);
			buildRules = (
			);
			dependencies = (
			);
			name = Images;
			productName = Images;
			productReference = 501AD79522EC984F00315CB9 /* Images.app */;
			productType = "com.apple.product-type.application";
		};
/* End PBXNativeTarget section */

/* Begin PBXProject section */
		501AD78D22EC984F00315CB9 /* Project object */ = {
			isa = PBXProject;
			attributes = {
				LastSwiftUpdateCheck = 1020;
				LastUpgradeCheck = 1020;
				ORGANIZATIONNAME = "Daniel Rosales";
				TargetAttributes = {
					501AD79422EC984F00315CB9 = {
						CreatedOnToolsVersion = 10.2.1;
					};
				};
			};
			buildConfigurationList = 501AD79022EC984F00315CB9 /* Build configuration list for PBXProject "Images" */;
			compatibilityVersion = "Xcode 9.3";
			developmentRegion = en;
			hasScannedForEncodings = 0;
			knownRegions = (
				en,
				Base,
			);
			mainGroup = 501AD78C22EC984F00315CB9;
			productRefGroup = 501AD79622EC984F00315CB9 /* Products */;
			projectDirPath = "";
			projectRoot = "";
			targets = (
				501AD79422EC984F00315CB9 /* Images */,
			);
		};
/* End PBXProject section */

/* Begin PBXResourcesBuildPhase section */
		501AD79322EC984F00315CB9 /* Resources */ = {
			isa = PBXResourcesBuildPhase;
			buildActionMask = 2147483647;
			files = (
				501AD7A322EC985200315CB9 /* LaunchScreen.storyboard in Resources */,
				501AD7A022EC985200315CB9 /* Assets.xcassets in Resources */,
				501AD79E22EC984F00315CB9 /* Main.storyboard in Resources */,
			);
			runOnlyForDeploymentPostprocessing = 0;
		};
/* End PBXResourcesBuildPhase section */

/* Begin PBXSourcesBuildPhase section */
		501AD79122EC984F00315CB9 /* Sources */ = {
			isa = PBXSourcesBuildPhase;
			buildActionMask = 2147483647;
			files = (
				5018D6B422F4F94300057AB0 /* CustomPhotoAlbum.swift in Sources */,
				5018D6B922F5075300057AB0 /* DataManager.swift in Sources */,
				5018D6BE22F5122D00057AB0 /* Images.xcdatamodeld in Sources */,
				501AD79B22EC984F00315CB9 /* ViewController.swift in Sources */,
				5018D6C122F5164700057AB0 /* Imagen+CoreDataClass.swift in Sources */,
				501AD79922EC984F00315CB9 /* AppDelegate.swift in Sources */,
				5018D6C222F5164700057AB0 /* Imagen+CoreDataProperties.swift in Sources */,
			);
			runOnlyForDeploymentPostprocessing = 0;
		};
/* End PBXSourcesBuildPhase section */

/* Begin PBXVariantGroup section */
		501AD79C22EC984F00315CB9 /* Main.storyboard */ = {
			isa = PBXVariantGroup;
			children = (
				501AD79D22EC984F00315CB9 /* Base */,
			);
			name = Main.storyboard;
			sourceTree = "<group>";
		};
		501AD7A122EC985200315CB9 /* LaunchScreen.storyboard */ = {
			isa = PBXVariantGroup;
			children = (
				501AD7A222EC985200315CB9 /* Base */,
			);
			name = LaunchScreen.storyboard;
			sourceTree = "<group>";
		};
/* End PBXVariantGroup section */

/* Begin XCBuildConfiguration section */
		501AD7A522EC985200315CB9 /* Debug */ = {
			isa = XCBuildConfiguration;
			buildSettings = {
				ALWAYS_SEARCH_USER_PATHS = NO;
				CLANG_ANALYZER_NONNULL = YES;
				CLANG_ANALYZER_NUMBER_OBJECT_CONVERSION = YES_AGGRESSIVE;
				CLANG_CXX_LANGUAGE_STANDARD = "gnu++14";
				CLANG_CXX_LIBRARY = "libc++";
				CLANG_ENABLE_MODULES = YES;
				CLANG_ENABLE_OBJC_ARC = YES;
				CLANG_ENABLE_OBJC_WEAK = YES;
				CLANG_WARN_BLOCK_CAPTURE_AUTORELEASING = YES;
				CLANG_WARN_BOOL_CONVERSION = YES;
				CLANG_WARN_COMMA = YES;
				CLANG_WARN_CONSTANT_CONVERSION = YES;
				CLANG_WARN_DEPRECATED_OBJC_IMPLEMENTATIONS = YES;
				CLANG_WARN_DIRECT_OBJC_ISA_USAGE = YES_ERROR;
				CLANG_WARN_DOCUMENTATION_COMMENTS = YES;
				CLANG_WARN_EMPTY_BODY = YES;
				CLANG_WARN_ENUM_CONVERSION = YES;
				CLANG_WARN_INFINITE_RECURSION = YES;
				CLANG_WARN_INT_CONVERSION = YES;
				CLANG_WARN_NON_LITERAL_NULL_CONVERSION = YES;
				CLANG_WARN_OBJC_IMPLICIT_RETAIN_SELF = YES;
				CLANG_WARN_OBJC_LITERAL_CONVERSION = YES;
				CLANG_WARN_OBJC_ROOT_CLASS = YES_ERROR;
				CLANG_WARN_RANGE_LOOP_ANALYSIS = YES;
				CLANG_WARN_STRICT_PROTOTYPES = YES;
				CLANG_WARN_SUSPICIOUS_MOVE = YES;
				CLANG_WARN_UNGUARDED_AVAILABILITY = YES_AGGRESSIVE;
				CLANG_WARN_UNREACHABLE_CODE = YES;
				CLANG_WARN__DUPLICATE_METHOD_MATCH = YES;
				CODE_SIGN_IDENTITY = "iPhone Developer";
				COPY_PHASE_STRIP = NO;
				DEBUG_INFORMATION_FORMAT = dwarf;
				ENABLE_STRICT_OBJC_MSGSEND = YES;
				ENABLE_TESTABILITY = YES;
				GCC_C_LANGUAGE_STANDARD = gnu11;
				GCC_DYNAMIC_NO_PIC = NO;
				GCC_NO_COMMON_BLOCKS = YES;
				GCC_OPTIMIZATION_LEVEL = 0;
				GCC_PREPROCESSOR_DEFINITIONS = (
					"DEBUG=1",
					"$(inherited)",
				);
				GCC_WARN_64_TO_32_BIT_CONVERSION = YES;
				GCC_WARN_ABOUT_RETURN_TYPE = YES_ERROR;
				GCC_WARN_UNDECLARED_SELECTOR = YES;
				GCC_WARN_UNINITIALIZED_AUTOS = YES_AGGRESSIVE;
				GCC_WARN_UNUSED_FUNCTION = YES;
				GCC_WARN_UNUSED_VARIABLE = YES;
				IPHONEOS_DEPLOYMENT_TARGET = 12.2;
				MTL_ENABLE_DEBUG_INFO = INCLUDE_SOURCE;
				MTL_FAST_MATH = YES;
				ONLY_ACTIVE_ARCH = YES;
				SDKROOT = iphoneos;
				SWIFT_ACTIVE_COMPILATION_CONDITIONS = DEBUG;
				SWIFT_OPTIMIZATION_LEVEL = "-Onone";
			};
			name = Debug;
		};
		501AD7A622EC985200315CB9 /* Release */ = {
			isa = XCBuildConfiguration;
			buildSettings = {
				ALWAYS_SEARCH_USER_PATHS = NO;
				CLANG_ANALYZER_NONNULL = YES;
				CLANG_ANALYZER_NUMBER_OBJECT_CONVERSION = YES_AGGRESSIVE;
				CLANG_CXX_LANGUAGE_STANDARD = "gnu++14";
				CLANG_CXX_LIBRARY = "libc++";
				CLANG_ENABLE_MODULES = YES;
				CLANG_ENABLE_OBJC_ARC = YES;
				CLANG_ENABLE_OBJC_WEAK = YES;
				CLANG_WARN_BLOCK_CAPTURE_AUTORELEASING = YES;
				CLANG_WARN_BOOL_CONVERSION = YES;
				CLANG_WARN_COMMA = YES;
				CLANG_WARN_CONSTANT_CONVERSION = YES;
				CLANG_WARN_DEPRECATED_OBJC_IMPLEMENTATIONS = YES;
				CLANG_WARN_DIRECT_OBJC_ISA_USAGE = YES_ERROR;
				CLANG_WARN_DOCUMENTATION_COMMENTS = YES;
				CLANG_WARN_EMPTY_BODY = YES;
				CLANG_WARN_ENUM_CONVERSION = YES;
				CLANG_WARN_INFINITE_RECURSION = YES;
				CLANG_WARN_INT_CONVERSION = YES;
				CLANG_WARN_NON_LITERAL_NULL_CONVERSION = YES;
				CLANG_WARN_OBJC_IMPLICIT_RETAIN_SELF = YES;
				CLANG_WARN_OBJC_LITERAL_CONVERSION = YES;
				CLANG_WARN_OBJC_ROOT_CLASS = YES_ERROR;
				CLANG_WARN_RANGE_LOOP_ANALYSIS = YES;
				CLANG_WARN_STRICT_PROTOTYPES = YES;
				CLANG_WARN_SUSPICIOUS_MOVE = YES;
				CLANG_WARN_UNGUARDED_AVAILABILITY = YES_AGGRESSIVE;
				CLANG_WARN_UNREACHABLE_CODE = YES;
				CLANG_WARN__DUPLICATE_METHOD_MATCH = YES;
				CODE_SIGN_IDENTITY = "iPhone Developer";
				COPY_PHASE_STRIP = NO;
				DEBUG_INFORMATION_FORMAT = "dwarf-with-dsym";
				ENABLE_NS_ASSERTIONS = NO;
				ENABLE_STRICT_OBJC_MSGSEND = YES;
				GCC_C_LANGUAGE_STANDARD = gnu11;
				GCC_NO_COMMON_BLOCKS = YES;
				GCC_WARN_64_TO_32_BIT_CONVERSION = YES;
				GCC_WARN_ABOUT_RETURN_TYPE = YES_ERROR;
				GCC_WARN_UNDECLARED_SELECTOR = YES;
				GCC_WARN_UNINITIALIZED_AUTOS = YES_AGGRESSIVE;
				GCC_WARN_UNUSED_FUNCTION = YES;
				GCC_WARN_UNUSED_VARIABLE = YES;
				IPHONEOS_DEPLOYMENT_TARGET = 12.2;
				MTL_ENABLE_DEBUG_INFO = NO;
				MTL_FAST_MATH = YES;
				SDKROOT = iphoneos;
				SWIFT_COMPILATION_MODE = wholemodule;
				SWIFT_OPTIMIZATION_LEVEL = "-O";
				VALIDATE_PRODUCT = YES;
			};
			name = Release;
		};
		501AD7A822EC985200315CB9 /* Debug */ = {
			isa = XCBuildConfiguration;
			buildSettings = {
				ASSETCATALOG_COMPILER_APPICON_NAME = AppIcon;
				CODE_SIGN_STYLE = Automatic;
				DEVELOPMENT_TEAM = Y2ZNTF969V;
				INFOPLIST_FILE = Images/Info.plist;
				LD_RUNPATH_SEARCH_PATHS = (
					"$(inherited)",
					"@executable_path/Frameworks",
				);
				PRODUCT_BUNDLE_IDENTIFIER = mx.rosales.daniel.Images;
				PRODUCT_NAME = "$(TARGET_NAME)";
				SWIFT_VERSION = 5.0;
				TARGETED_DEVICE_FAMILY = "1,2";
			};
			name = Debug;
		};
		501AD7A922EC985200315CB9 /* Release */ = {
			isa = XCBuildConfiguration;
			buildSettings = {
				ASSETCATALOG_COMPILER_APPICON_NAME = AppIcon;
				CODE_SIGN_STYLE = Automatic;
				DEVELOPMENT_TEAM = Y2ZNTF969V;
				INFOPLIST_FILE = Images/Info.plist;
				LD_RUNPATH_SEARCH_PATHS = (
					"$(inherited)",
					"@executable_path/Frameworks",
				);
				PRODUCT_BUNDLE_IDENTIFIER = mx.rosales.daniel.Images;
				PRODUCT_NAME = "$(TARGET_NAME)";
				SWIFT_VERSION = 5.0;
				TARGETED_DEVICE_FAMILY = "1,2";
			};
			name = Release;
		};
/* End XCBuildConfiguration section */

/* Begin XCConfigurationList section */
		501AD79022EC984F00315CB9 /* Build configuration list for PBXProject "Images" */ = {
			isa = XCConfigurationList;
			buildConfigurations = (
				501AD7A522EC985200315CB9 /* Debug */,
				501AD7A622EC985200315CB9 /* Release */,
			);
			defaultConfigurationIsVisible = 0;
			defaultConfigurationName = Release;
		};
		501AD7A722EC985200315CB9 /* Build configuration list for PBXNativeTarget "Images" */ = {
			isa = XCConfigurationList;
			buildConfigurations = (
				501AD7A822EC985200315CB9 /* Debug */,
				501AD7A922EC985200315CB9 /* Release */,
			);
			defaultConfigurationIsVisible = 0;
			defaultConfigurationName = Release;
		};
/* End XCConfigurationList section */

/* Begin XCVersionGroup section */
		5018D6BC22F5122D00057AB0 /* Images.xcdatamodeld */ = {
			isa = XCVersionGroup;
			children = (
				5018D6BD22F5122D00057AB0 /* Images.xcdatamodel */,
			);
			currentVersion = 5018D6BD22F5122D00057AB0 /* Images.xcdatamodel */;
			path = Images.xcdatamodeld;
			sourceTree = "<group>";
			versionGroupType = wrapper.xcdatamodel;
		};
/* End XCVersionGroup section */
	};
	rootObject = 501AD78D22EC984F00315CB9 /* Project object */;
}
