// !$*UTF8*$!
{
	archiveVersion = 1;
	classes = {
	};
	objectVersion = 50;
	objects = {

/* Begin PBXBuildFile section */
		508FEE362307823F0085D58E /* ViewController.swift in Sources */ = {isa = PBXBuildFile; fileRef = 508FEE352307823F0085D58E /* ViewController.swift */; };
		50BF87A62307794E00BF3F7B /* AppDelegate.swift in Sources */ = {isa = PBXBuildFile; fileRef = 50BF87A52307794E00BF3F7B /* AppDelegate.swift */; };
		50BF87AB2307794E00BF3F7B /* Main.storyboard in Resources */ = {isa = PBXBuildFile; fileRef = 50BF87A92307794E00BF3F7B /* Main.storyboard */; };
		50BF87AD2307794F00BF3F7B /* Assets.xcassets in Resources */ = {isa = PBXBuildFile; fileRef = 50BF87AC2307794F00BF3F7B /* Assets.xcassets */; };
		50BF87B02307794F00BF3F7B /* LaunchScreen.storyboard in Resources */ = {isa = PBXBuildFile; fileRef = 50BF87AE2307794F00BF3F7B /* LaunchScreen.storyboard */; };
		6418642D6CDE7081DFAC2AF4 /* Pods_WebService.framework in Frameworks */ = {isa = PBXBuildFile; fileRef = F3E5FAF6AA00E8EDE6A408D3 /* Pods_WebService.framework */; };
/* End PBXBuildFile section */

/* Begin PBXFileReference section */
		35D27DCCF546DDDE52AFD801 /* Pods-WebService.release.xcconfig */ = {isa = PBXFileReference; includeInIndex = 1; lastKnownFileType = text.xcconfig; name = "Pods-WebService.release.xcconfig"; path = "Pods/Target Support Files/Pods-WebService/Pods-WebService.release.xcconfig"; sourceTree = "<group>"; };
		508FEE352307823F0085D58E /* ViewController.swift */ = {isa = PBXFileReference; lastKnownFileType = sourcecode.swift; path = ViewController.swift; sourceTree = "<group>"; };
		50BF87A22307794E00BF3F7B /* WebService.app */ = {isa = PBXFileReference; explicitFileType = wrapper.application; includeInIndex = 0; path = WebService.app; sourceTree = BUILT_PRODUCTS_DIR; };
		50BF87A52307794E00BF3F7B /* AppDelegate.swift */ = {isa = PBXFileReference; lastKnownFileType = sourcecode.swift; path = AppDelegate.swift; sourceTree = "<group>"; };
		50BF87AA2307794E00BF3F7B /* Base */ = {isa = PBXFileReference; lastKnownFileType = file.storyboard; name = Base; path = Base.lproj/Main.storyboard; sourceTree = "<group>"; };
		50BF87AC2307794F00BF3F7B /* Assets.xcassets */ = {isa = PBXFileReference; lastKnownFileType = folder.assetcatalog; path = Assets.xcassets; sourceTree = "<group>"; };
		50BF87AF2307794F00BF3F7B /* Base */ = {isa = PBXFileReference; lastKnownFileType = file.storyboard; name = Base; path = Base.lproj/LaunchScreen.storyboard; sourceTree = "<group>"; };
		50BF87B12307794F00BF3F7B /* Info.plist */ = {isa = PBXFileReference; lastKnownFileType = text.plist.xml; path = Info.plist; sourceTree = "<group>"; };
		DC2D4A16FFE725DAF1D30AFC /* Pods-WebService.debug.xcconfig */ = {isa = PBXFileReference; includeInIndex = 1; lastKnownFileType = text.xcconfig; name = "Pods-WebService.debug.xcconfig"; path = "Pods/Target Support Files/Pods-WebService/Pods-WebService.debug.xcconfig"; sourceTree = "<group>"; };
		F3E5FAF6AA00E8EDE6A408D3 /* Pods_WebService.framework */ = {isa = PBXFileReference; explicitFileType = wrapper.framework; includeInIndex = 0; path = Pods_WebService.framework; sourceTree = BUILT_PRODUCTS_DIR; };
/* End PBXFileReference section */

/* Begin PBXFrameworksBuildPhase section */
		50BF879F2307794E00BF3F7B /* Frameworks */ = {
			isa = PBXFrameworksBuildPhase;
			buildActionMask = 2147483647;
			files = (
				6418642D6CDE7081DFAC2AF4 /* Pods_WebService.framework in Frameworks */,
			);
			runOnlyForDeploymentPostprocessing = 0;
		};
/* End PBXFrameworksBuildPhase section */

/* Begin PBXGroup section */
		50BF87992307794E00BF3F7B = {
			isa = PBXGroup;
			children = (
				50BF87A42307794E00BF3F7B /* WebService */,
				50BF87A32307794E00BF3F7B /* Products */,
				53379E2C437D788C7A329F86 /* Pods */,
				F9505D6D354D76CD5E149E32 /* Frameworks */,
			);
			sourceTree = "<group>";
		};
		50BF87A32307794E00BF3F7B /* Products */ = {
			isa = PBXGroup;
			children = (
				50BF87A22307794E00BF3F7B /* WebService.app */,
			);
			name = Products;
			sourceTree = "<group>";
		};
		50BF87A42307794E00BF3F7B /* WebService */ = {
			isa = PBXGroup;
			children = (
				50BF87A52307794E00BF3F7B /* AppDelegate.swift */,
				50BF87A92307794E00BF3F7B /* Main.storyboard */,
				50BF87AC2307794F00BF3F7B /* Assets.xcassets */,
				50BF87AE2307794F00BF3F7B /* LaunchScreen.storyboard */,
				50BF87B12307794F00BF3F7B /* Info.plist */,
				508FEE352307823F0085D58E /* ViewController.swift */,
			);
			path = WebService;
			sourceTree = "<group>";
		};
		53379E2C437D788C7A329F86 /* Pods */ = {
			isa = PBXGroup;
			children = (
				DC2D4A16FFE725DAF1D30AFC /* Pods-WebService.debug.xcconfig */,
				35D27DCCF546DDDE52AFD801 /* Pods-WebService.release.xcconfig */,
			);
			name = Pods;
			sourceTree = "<group>";
		};
		F9505D6D354D76CD5E149E32 /* Frameworks */ = {
			isa = PBXGroup;
			children = (
				F3E5FAF6AA00E8EDE6A408D3 /* Pods_WebService.framework */,
			);
			name = Frameworks;
			sourceTree = "<group>";
		};
/* End PBXGroup section */

/* Begin PBXNativeTarget section */
		50BF87A12307794E00BF3F7B /* WebService */ = {
			isa = PBXNativeTarget;
			buildConfigurationList = 50BF87B42307794F00BF3F7B /* Build configuration list for PBXNativeTarget "WebService" */;
			buildPhases = (
				5AB60C65C32C17591176F7C1 /* [CP] Check Pods Manifest.lock */,
				50BF879E2307794E00BF3F7B /* Sources */,
				50BF879F2307794E00BF3F7B /* Frameworks */,
				50BF87A02307794E00BF3F7B /* Resources */,
				DFE94D8F1D0C7CCE6B4B5E51 /* [CP] Embed Pods Frameworks */,
			);
			buildRules = (
			);
			dependencies = (
			);
			name = WebService;
			productName = WebService;
			productReference = 50BF87A22307794E00BF3F7B /* WebService.app */;
			productType = "com.apple.product-type.application";
		};
/* End PBXNativeTarget section */

/* Begin PBXProject section */
		50BF879A2307794E00BF3F7B /* Project object */ = {
			isa = PBXProject;
			attributes = {
				LastSwiftUpdateCheck = 1020;
				LastUpgradeCheck = 1020;
				ORGANIZATIONNAME = "Daniel Rosales";
				TargetAttributes = {
					50BF87A12307794E00BF3F7B = {
						CreatedOnToolsVersion = 10.2.1;
					};
				};
			};
			buildConfigurationList = 50BF879D2307794E00BF3F7B /* Build configuration list for PBXProject "WebService" */;
			compatibilityVersion = "Xcode 9.3";
			developmentRegion = en;
			hasScannedForEncodings = 0;
			knownRegions = (
				en,
				Base,
			);
			mainGroup = 50BF87992307794E00BF3F7B;
			productRefGroup = 50BF87A32307794E00BF3F7B /* Products */;
			projectDirPath = "";
			projectRoot = "";
			targets = (
				50BF87A12307794E00BF3F7B /* WebService */,
			);
		};
/* End PBXProject section */

/* Begin PBXResourcesBuildPhase section */
		50BF87A02307794E00BF3F7B /* Resources */ = {
			isa = PBXResourcesBuildPhase;
			buildActionMask = 2147483647;
			files = (
				50BF87B02307794F00BF3F7B /* LaunchScreen.storyboard in Resources */,
				50BF87AD2307794F00BF3F7B /* Assets.xcassets in Resources */,
				50BF87AB2307794E00BF3F7B /* Main.storyboard in Resources */,
			);
			runOnlyForDeploymentPostprocessing = 0;
		};
/* End PBXResourcesBuildPhase section */

/* Begin PBXShellScriptBuildPhase section */
		5AB60C65C32C17591176F7C1 /* [CP] Check Pods Manifest.lock */ = {
			isa = PBXShellScriptBuildPhase;
			buildActionMask = 2147483647;
			files = (
			);
			inputPaths = (
				"${PODS_PODFILE_DIR_PATH}/Podfile.lock",
				"${PODS_ROOT}/Manifest.lock",
			);
			name = "[CP] Check Pods Manifest.lock";
			outputPaths = (
				"$(DERIVED_FILE_DIR)/Pods-WebService-checkManifestLockResult.txt",
			);
			runOnlyForDeploymentPostprocessing = 0;
			shellPath = /bin/sh;
			shellScript = "diff \"${PODS_PODFILE_DIR_PATH}/Podfile.lock\" \"${PODS_ROOT}/Manifest.lock\" > /dev/null\nif [ $? != 0 ] ; then\n    # print error to STDERR\n    echo \"error: The sandbox is not in sync with the Podfile.lock. Run 'pod install' or update your CocoaPods installation.\" >&2\n    exit 1\nfi\n# This output is used by Xcode 'outputs' to avoid re-running this script phase.\necho \"SUCCESS\" > \"${SCRIPT_OUTPUT_FILE_0}\"\n";
			showEnvVarsInLog = 0;
		};
		DFE94D8F1D0C7CCE6B4B5E51 /* [CP] Embed Pods Frameworks */ = {
			isa = PBXShellScriptBuildPhase;
			buildActionMask = 2147483647;
			files = (
			);
			inputPaths = (
				"${SRCROOT}/Pods/Target Support Files/Pods-WebService/Pods-WebService-frameworks.sh",
				"${BUILT_PRODUCTS_DIR}/Alamofire/Alamofire.framework",
			);
			name = "[CP] Embed Pods Frameworks";
			outputPaths = (
				"${TARGET_BUILD_DIR}/${FRAMEWORKS_FOLDER_PATH}/Alamofire.framework",
			);
			runOnlyForDeploymentPostprocessing = 0;
			shellPath = /bin/sh;
			shellScript = "\"${SRCROOT}/Pods/Target Support Files/Pods-WebService/Pods-WebService-frameworks.sh\"\n";
			showEnvVarsInLog = 0;
		};
/* End PBXShellScriptBuildPhase section */

/* Begin PBXSourcesBuildPhase section */
		50BF879E2307794E00BF3F7B /* Sources */ = {
			isa = PBXSourcesBuildPhase;
			buildActionMask = 2147483647;
			files = (
				508FEE362307823F0085D58E /* ViewController.swift in Sources */,
				50BF87A62307794E00BF3F7B /* AppDelegate.swift in Sources */,
			);
			runOnlyForDeploymentPostprocessing = 0;
		};
/* End PBXSourcesBuildPhase section */

/* Begin PBXVariantGroup section */
		50BF87A92307794E00BF3F7B /* Main.storyboard */ = {
			isa = PBXVariantGroup;
			children = (
				50BF87AA2307794E00BF3F7B /* Base */,
			);
			name = Main.storyboard;
			sourceTree = "<group>";
		};
		50BF87AE2307794F00BF3F7B /* LaunchScreen.storyboard */ = {
			isa = PBXVariantGroup;
			children = (
				50BF87AF2307794F00BF3F7B /* Base */,
			);
			name = LaunchScreen.storyboard;
			sourceTree = "<group>";
		};
/* End PBXVariantGroup section */

/* Begin XCBuildConfiguration section */
		50BF87B22307794F00BF3F7B /* Debug */ = {
			isa = XCBuildConfiguration;
			buildSettings = {
				ALWAYS_SEARCH_USER_PATHS = NO;
				CLANG_ANALYZER_NONNULL = YES;
				CLANG_ANALYZER_NUMBER_OBJECT_CONVERSION = YES_AGGRESSIVE;
				CLANG_CXX_LANGUAGE_STANDARD = "gnu++14";
				CLANG_CXX_LIBRARY = "libc++";
				CLANG_ENABLE_MODULES = YES;
				CLANG_ENABLE_OBJC_ARC = YES;
				CLANG_ENABLE_OBJC_WEAK = YES;
				CLANG_WARN_BLOCK_CAPTURE_AUTORELEASING = YES;
				CLANG_WARN_BOOL_CONVERSION = YES;
				CLANG_WARN_COMMA = YES;
				CLANG_WARN_CONSTANT_CONVERSION = YES;
				CLANG_WARN_DEPRECATED_OBJC_IMPLEMENTATIONS = YES;
				CLANG_WARN_DIRECT_OBJC_ISA_USAGE = YES_ERROR;
				CLANG_WARN_DOCUMENTATION_COMMENTS = YES;
				CLANG_WARN_EMPTY_BODY = YES;
				CLANG_WARN_ENUM_CONVERSION = YES;
				CLANG_WARN_INFINITE_RECURSION = YES;
				CLANG_WARN_INT_CONVERSION = YES;
				CLANG_WARN_NON_LITERAL_NULL_CONVERSION = YES;
				CLANG_WARN_OBJC_IMPLICIT_RETAIN_SELF = YES;
				CLANG_WARN_OBJC_LITERAL_CONVERSION = YES;
				CLANG_WARN_OBJC_ROOT_CLASS = YES_ERROR;
				CLANG_WARN_RANGE_LOOP_ANALYSIS = YES;
				CLANG_WARN_STRICT_PROTOTYPES = YES;
				CLANG_WARN_SUSPICIOUS_MOVE = YES;
				CLANG_WARN_UNGUARDED_AVAILABILITY = YES_AGGRESSIVE;
				CLANG_WARN_UNREACHABLE_CODE = YES;
				CLANG_WARN__DUPLICATE_METHOD_MATCH = YES;
				CODE_SIGN_IDENTITY = "iPhone Developer";
				COPY_PHASE_STRIP = NO;
				DEBUG_INFORMATION_FORMAT = dwarf;
				ENABLE_STRICT_OBJC_MSGSEND = YES;
				ENABLE_TESTABILITY = YES;
				GCC_C_LANGUAGE_STANDARD = gnu11;
				GCC_DYNAMIC_NO_PIC = NO;
				GCC_NO_COMMON_BLOCKS = YES;
				GCC_OPTIMIZATION_LEVEL = 0;
				GCC_PREPROCESSOR_DEFINITIONS = (
					"DEBUG=1",
					"$(inherited)",
				);
				GCC_WARN_64_TO_32_BIT_CONVERSION = YES;
				GCC_WARN_ABOUT_RETURN_TYPE = YES_ERROR;
				GCC_WARN_UNDECLARED_SELECTOR = YES;
				GCC_WARN_UNINITIALIZED_AUTOS = YES_AGGRESSIVE;
				GCC_WARN_UNUSED_FUNCTION = YES;
				GCC_WARN_UNUSED_VARIABLE = YES;
				IPHONEOS_DEPLOYMENT_TARGET = 12.2;
				MTL_ENABLE_DEBUG_INFO = INCLUDE_SOURCE;
				MTL_FAST_MATH = YES;
				ONLY_ACTIVE_ARCH = YES;
				SDKROOT = iphoneos;
				SWIFT_ACTIVE_COMPILATION_CONDITIONS = DEBUG;
				SWIFT_OPTIMIZATION_LEVEL = "-Onone";
			};
			name = Debug;
		};
		50BF87B32307794F00BF3F7B /* Release */ = {
			isa = XCBuildConfiguration;
			buildSettings = {
				ALWAYS_SEARCH_USER_PATHS = NO;
				CLANG_ANALYZER_NONNULL = YES;
				CLANG_ANALYZER_NUMBER_OBJECT_CONVERSION = YES_AGGRESSIVE;
				CLANG_CXX_LANGUAGE_STANDARD = "gnu++14";
				CLANG_CXX_LIBRARY = "libc++";
				CLANG_ENABLE_MODULES = YES;
				CLANG_ENABLE_OBJC_ARC = YES;
				CLANG_ENABLE_OBJC_WEAK = YES;
				CLANG_WARN_BLOCK_CAPTURE_AUTORELEASING = YES;
				CLANG_WARN_BOOL_CONVERSION = YES;
				CLANG_WARN_COMMA = YES;
				CLANG_WARN_CONSTANT_CONVERSION = YES;
				CLANG_WARN_DEPRECATED_OBJC_IMPLEMENTATIONS = YES;
				CLANG_WARN_DIRECT_OBJC_ISA_USAGE = YES_ERROR;
				CLANG_WARN_DOCUMENTATION_COMMENTS = YES;
				CLANG_WARN_EMPTY_BODY = YES;
				CLANG_WARN_ENUM_CONVERSION = YES;
				CLANG_WARN_INFINITE_RECURSION = YES;
				CLANG_WARN_INT_CONVERSION = YES;
				CLANG_WARN_NON_LITERAL_NULL_CONVERSION = YES;
				CLANG_WARN_OBJC_IMPLICIT_RETAIN_SELF = YES;
				CLANG_WARN_OBJC_LITERAL_CONVERSION = YES;
				CLANG_WARN_OBJC_ROOT_CLASS = YES_ERROR;
				CLANG_WARN_RANGE_LOOP_ANALYSIS = YES;
				CLANG_WARN_STRICT_PROTOTYPES = YES;
				CLANG_WARN_SUSPICIOUS_MOVE = YES;
				CLANG_WARN_UNGUARDED_AVAILABILITY = YES_AGGRESSIVE;
				CLANG_WARN_UNREACHABLE_CODE = YES;
				CLANG_WARN__DUPLICATE_METHOD_MATCH = YES;
				CODE_SIGN_IDENTITY = "iPhone Developer";
				COPY_PHASE_STRIP = NO;
				DEBUG_INFORMATION_FORMAT = "dwarf-with-dsym";
				ENABLE_NS_ASSERTIONS = NO;
				ENABLE_STRICT_OBJC_MSGSEND = YES;
				GCC_C_LANGUAGE_STANDARD = gnu11;
				GCC_NO_COMMON_BLOCKS = YES;
				GCC_WARN_64_TO_32_BIT_CONVERSION = YES;
				GCC_WARN_ABOUT_RETURN_TYPE = YES_ERROR;
				GCC_WARN_UNDECLARED_SELECTOR = YES;
				GCC_WARN_UNINITIALIZED_AUTOS = YES_AGGRESSIVE;
				GCC_WARN_UNUSED_FUNCTION = YES;
				GCC_WARN_UNUSED_VARIABLE = YES;
				IPHONEOS_DEPLOYMENT_TARGET = 12.2;
				MTL_ENABLE_DEBUG_INFO = NO;
				MTL_FAST_MATH = YES;
				SDKROOT = iphoneos;
				SWIFT_COMPILATION_MODE = wholemodule;
				SWIFT_OPTIMIZATION_LEVEL = "-O";
				VALIDATE_PRODUCT = YES;
			};
			name = Release;
		};
		50BF87B52307794F00BF3F7B /* Debug */ = {
			isa = XCBuildConfiguration;
			baseConfigurationReference = DC2D4A16FFE725DAF1D30AFC /* Pods-WebService.debug.xcconfig */;
			buildSettings = {
				ASSETCATALOG_COMPILER_APPICON_NAME = AppIcon;
				CODE_SIGN_STYLE = Automatic;
				DEVELOPMENT_TEAM = Y2ZNTF969V;
				INFOPLIST_FILE = WebService/Info.plist;
				LD_RUNPATH_SEARCH_PATHS = (
					"$(inherited)",
					"@executable_path/Frameworks",
				);
				PRODUCT_BUNDLE_IDENTIFIER = mx.rosales.daniel.WebService;
				PRODUCT_NAME = "$(TARGET_NAME)";
				SWIFT_VERSION = 5.0;
				TARGETED_DEVICE_FAMILY = "1,2";
			};
			name = Debug;
		};
		50BF87B62307794F00BF3F7B /* Release */ = {
			isa = XCBuildConfiguration;
			baseConfigurationReference = 35D27DCCF546DDDE52AFD801 /* Pods-WebService.release.xcconfig */;
			buildSettings = {
				ASSETCATALOG_COMPILER_APPICON_NAME = AppIcon;
				CODE_SIGN_STYLE = Automatic;
				DEVELOPMENT_TEAM = Y2ZNTF969V;
				INFOPLIST_FILE = WebService/Info.plist;
				LD_RUNPATH_SEARCH_PATHS = (
					"$(inherited)",
					"@executable_path/Frameworks",
				);
				PRODUCT_BUNDLE_IDENTIFIER = mx.rosales.daniel.WebService;
				PRODUCT_NAME = "$(TARGET_NAME)";
				SWIFT_VERSION = 5.0;
				TARGETED_DEVICE_FAMILY = "1,2";
			};
			name = Release;
		};
/* End XCBuildConfiguration section */

/* Begin XCConfigurationList section */
		50BF879D2307794E00BF3F7B /* Build configuration list for PBXProject "WebService" */ = {
			isa = XCConfigurationList;
			buildConfigurations = (
				50BF87B22307794F00BF3F7B /* Debug */,
				50BF87B32307794F00BF3F7B /* Release */,
			);
			defaultConfigurationIsVisible = 0;
			defaultConfigurationName = Release;
		};
		50BF87B42307794F00BF3F7B /* Build configuration list for PBXNativeTarget "WebService" */ = {
			isa = XCConfigurationList;
			buildConfigurations = (
				50BF87B52307794F00BF3F7B /* Debug */,
				50BF87B62307794F00BF3F7B /* Release */,
			);
			defaultConfigurationIsVisible = 0;
			defaultConfigurationName = Release;
		};
/* End XCConfigurationList section */
	};
	rootObject = 50BF879A2307794E00BF3F7B /* Project object */;
}
