// !$*UTF8*$!
{
	archiveVersion = 1;
	classes = {
	};
	objectVersion = 50;
	objects = {

/* Begin PBXBuildFile section */
		50180EB4230845F300A4020B /* AppDelegate.swift in Sources */ = {isa = PBXBuildFile; fileRef = 50180EB3230845F300A4020B /* AppDelegate.swift */; };
		50180EB6230845F300A4020B /* ViewController.swift in Sources */ = {isa = PBXBuildFile; fileRef = 50180EB5230845F300A4020B /* ViewController.swift */; };
		50180EB9230845F300A4020B /* Main.storyboard in Resources */ = {isa = PBXBuildFile; fileRef = 50180EB7230845F300A4020B /* Main.storyboard */; };
		50180EBB230845F400A4020B /* Assets.xcassets in Resources */ = {isa = PBXBuildFile; fileRef = 50180EBA230845F400A4020B /* Assets.xcassets */; };
		50180EBE230845F400A4020B /* LaunchScreen.storyboard in Resources */ = {isa = PBXBuildFile; fileRef = 50180EBC230845F400A4020B /* LaunchScreen.storyboard */; };
		50EA5FD2230849F500659D0B /* MyDrawingImageView.swift in Sources */ = {isa = PBXBuildFile; fileRef = 50EA5FD1230849F500659D0B /* MyDrawingImageView.swift */; };
		50EA5FD423084A2500659D0B /* AVFoundation.framework in Frameworks */ = {isa = PBXBuildFile; fileRef = 50EA5FD323084A2500659D0B /* AVFoundation.framework */; };
		50EA5FD623084A3600659D0B /* PDFKit.framework in Frameworks */ = {isa = PBXBuildFile; fileRef = 50EA5FD523084A3600659D0B /* PDFKit.framework */; };
		50EA5FD823084A3E00659D0B /* Alamofire.framework in Frameworks */ = {isa = PBXBuildFile; fileRef = 50EA5FD723084A3E00659D0B /* Alamofire.framework */; };
		50EA5FDA23086CDF00659D0B /* GoogleService-Info.plist in Resources */ = {isa = PBXBuildFile; fileRef = 50EA5FD923086CDF00659D0B /* GoogleService-Info.plist */; };
		50EA5FDF230883C800659D0B /* Localizable.strings in Resources */ = {isa = PBXBuildFile; fileRef = 50EA5FE1230883C800659D0B /* Localizable.strings */; };
		6ECA33360BE08D44EF9294C9 /* Pods_UploadImage.framework in Frameworks */ = {isa = PBXBuildFile; fileRef = F6C234C0396EE3F662DDF5DF /* Pods_UploadImage.framework */; };
/* End PBXBuildFile section */

/* Begin PBXFileReference section */
		50180EB0230845F300A4020B /* UploadImage.app */ = {isa = PBXFileReference; explicitFileType = wrapper.application; includeInIndex = 0; path = UploadImage.app; sourceTree = BUILT_PRODUCTS_DIR; };
		50180EB3230845F300A4020B /* AppDelegate.swift */ = {isa = PBXFileReference; lastKnownFileType = sourcecode.swift; path = AppDelegate.swift; sourceTree = "<group>"; };
		50180EB5230845F300A4020B /* ViewController.swift */ = {isa = PBXFileReference; lastKnownFileType = sourcecode.swift; path = ViewController.swift; sourceTree = "<group>"; };
		50180EB8230845F300A4020B /* Base */ = {isa = PBXFileReference; lastKnownFileType = file.storyboard; name = Base; path = Base.lproj/Main.storyboard; sourceTree = "<group>"; };
		50180EBA230845F400A4020B /* Assets.xcassets */ = {isa = PBXFileReference; lastKnownFileType = folder.assetcatalog; path = Assets.xcassets; sourceTree = "<group>"; };
		50180EBD230845F400A4020B /* Base */ = {isa = PBXFileReference; lastKnownFileType = file.storyboard; name = Base; path = Base.lproj/LaunchScreen.storyboard; sourceTree = "<group>"; };
		50180EBF230845F400A4020B /* Info.plist */ = {isa = PBXFileReference; lastKnownFileType = text.plist.xml; path = Info.plist; sourceTree = "<group>"; };
		50EA5FD1230849F500659D0B /* MyDrawingImageView.swift */ = {isa = PBXFileReference; fileEncoding = 4; lastKnownFileType = sourcecode.swift; path = MyDrawingImageView.swift; sourceTree = "<group>"; };
		50EA5FD323084A2500659D0B /* AVFoundation.framework */ = {isa = PBXFileReference; lastKnownFileType = wrapper.framework; name = AVFoundation.framework; path = System/Library/Frameworks/AVFoundation.framework; sourceTree = SDKROOT; };
		50EA5FD523084A3600659D0B /* PDFKit.framework */ = {isa = PBXFileReference; lastKnownFileType = wrapper.framework; name = PDFKit.framework; path = System/Library/Frameworks/PDFKit.framework; sourceTree = SDKROOT; };
		50EA5FD723084A3E00659D0B /* Alamofire.framework */ = {isa = PBXFileReference; explicitFileType = wrapper.framework; path = Alamofire.framework; sourceTree = BUILT_PRODUCTS_DIR; };
		50EA5FD923086CDF00659D0B /* GoogleService-Info.plist */ = {isa = PBXFileReference; fileEncoding = 4; lastKnownFileType = text.plist.xml; path = "GoogleService-Info.plist"; sourceTree = "<group>"; };
		50EA5FE0230883C800659D0B /* en */ = {isa = PBXFileReference; lastKnownFileType = text.plist.strings; name = en; path = en.lproj/Localizable.strings; sourceTree = "<group>"; };
		50EA5FE22308841400659D0B /* es-419 */ = {isa = PBXFileReference; lastKnownFileType = text.plist.strings; name = "es-419"; path = "es-419.lproj/Localizable.strings"; sourceTree = "<group>"; };
		50EA5FE32308842200659D0B /* fr */ = {isa = PBXFileReference; lastKnownFileType = text.plist.strings; name = fr; path = fr.lproj/Localizable.strings; sourceTree = "<group>"; };
		B4D6DA14B1617799A3347A20 /* Pods-UploadImage.debug.xcconfig */ = {isa = PBXFileReference; includeInIndex = 1; lastKnownFileType = text.xcconfig; name = "Pods-UploadImage.debug.xcconfig"; path = "Pods/Target Support Files/Pods-UploadImage/Pods-UploadImage.debug.xcconfig"; sourceTree = "<group>"; };
		DA8C58366F84CC9C6CB03645 /* Pods-UploadImage.release.xcconfig */ = {isa = PBXFileReference; includeInIndex = 1; lastKnownFileType = text.xcconfig; name = "Pods-UploadImage.release.xcconfig"; path = "Pods/Target Support Files/Pods-UploadImage/Pods-UploadImage.release.xcconfig"; sourceTree = "<group>"; };
		F6C234C0396EE3F662DDF5DF /* Pods_UploadImage.framework */ = {isa = PBXFileReference; explicitFileType = wrapper.framework; includeInIndex = 0; path = Pods_UploadImage.framework; sourceTree = BUILT_PRODUCTS_DIR; };
/* End PBXFileReference section */

/* Begin PBXFrameworksBuildPhase section */
		50180EAD230845F300A4020B /* Frameworks */ = {
			isa = PBXFrameworksBuildPhase;
			buildActionMask = 2147483647;
			files = (
				50EA5FD823084A3E00659D0B /* Alamofire.framework in Frameworks */,
				50EA5FD623084A3600659D0B /* PDFKit.framework in Frameworks */,
				50EA5FD423084A2500659D0B /* AVFoundation.framework in Frameworks */,
				6ECA33360BE08D44EF9294C9 /* Pods_UploadImage.framework in Frameworks */,
			);
			runOnlyForDeploymentPostprocessing = 0;
		};
/* End PBXFrameworksBuildPhase section */

/* Begin PBXGroup section */
		50180EA7230845F200A4020B = {
			isa = PBXGroup;
			children = (
				50180EB2230845F300A4020B /* UploadImage */,
				50180EB1230845F300A4020B /* Products */,
				D973C48A7635920B098761C3 /* Pods */,
				B1CAE73EB2883D6BE9EFAEF5 /* Frameworks */,
			);
			sourceTree = "<group>";
		};
		50180EB1230845F300A4020B /* Products */ = {
			isa = PBXGroup;
			children = (
				50180EB0230845F300A4020B /* UploadImage.app */,
			);
			name = Products;
			sourceTree = "<group>";
		};
		50180EB2230845F300A4020B /* UploadImage */ = {
			isa = PBXGroup;
			children = (
				50EA5FD923086CDF00659D0B /* GoogleService-Info.plist */,
				50EA5FD1230849F500659D0B /* MyDrawingImageView.swift */,
				50180EB3230845F300A4020B /* AppDelegate.swift */,
				50180EB5230845F300A4020B /* ViewController.swift */,
				50180EB7230845F300A4020B /* Main.storyboard */,
				50180EBA230845F400A4020B /* Assets.xcassets */,
				50180EBC230845F400A4020B /* LaunchScreen.storyboard */,
				50180EBF230845F400A4020B /* Info.plist */,
				50EA5FE1230883C800659D0B /* Localizable.strings */,
			);
			path = UploadImage;
			sourceTree = "<group>";
		};
		B1CAE73EB2883D6BE9EFAEF5 /* Frameworks */ = {
			isa = PBXGroup;
			children = (
				50EA5FD723084A3E00659D0B /* Alamofire.framework */,
				50EA5FD523084A3600659D0B /* PDFKit.framework */,
				50EA5FD323084A2500659D0B /* AVFoundation.framework */,
				F6C234C0396EE3F662DDF5DF /* Pods_UploadImage.framework */,
			);
			name = Frameworks;
			sourceTree = "<group>";
		};
		D973C48A7635920B098761C3 /* Pods */ = {
			isa = PBXGroup;
			children = (
				B4D6DA14B1617799A3347A20 /* Pods-UploadImage.debug.xcconfig */,
				DA8C58366F84CC9C6CB03645 /* Pods-UploadImage.release.xcconfig */,
			);
			name = Pods;
			sourceTree = "<group>";
		};
/* End PBXGroup section */

/* Begin PBXNativeTarget section */
		50180EAF230845F300A4020B /* UploadImage */ = {
			isa = PBXNativeTarget;
			buildConfigurationList = 50180EC2230845F400A4020B /* Build configuration list for PBXNativeTarget "UploadImage" */;
			buildPhases = (
				4C56E9E60188A2AC75BD1E96 /* [CP] Check Pods Manifest.lock */,
				50180EAC230845F300A4020B /* Sources */,
				50180EAD230845F300A4020B /* Frameworks */,
				50180EAE230845F300A4020B /* Resources */,
				7E9C69CF9C1D2EA488706E2B /* [CP] Embed Pods Frameworks */,
			);
			buildRules = (
			);
			dependencies = (
			);
			name = UploadImage;
			productName = UploadImage;
			productReference = 50180EB0230845F300A4020B /* UploadImage.app */;
			productType = "com.apple.product-type.application";
		};
/* End PBXNativeTarget section */

/* Begin PBXProject section */
		50180EA8230845F200A4020B /* Project object */ = {
			isa = PBXProject;
			attributes = {
				LastSwiftUpdateCheck = 1020;
				LastUpgradeCheck = 1020;
				ORGANIZATIONNAME = "Daniel Rosales";
				TargetAttributes = {
					50180EAF230845F300A4020B = {
						CreatedOnToolsVersion = 10.2.1;
					};
				};
			};
			buildConfigurationList = 50180EAB230845F200A4020B /* Build configuration list for PBXProject "UploadImage" */;
			compatibilityVersion = "Xcode 9.3";
			developmentRegion = en;
			hasScannedForEncodings = 0;
			knownRegions = (
				en,
				Base,
				"es-419",
				fr,
			);
			mainGroup = 50180EA7230845F200A4020B;
			productRefGroup = 50180EB1230845F300A4020B /* Products */;
			projectDirPath = "";
			projectRoot = "";
			targets = (
				50180EAF230845F300A4020B /* UploadImage */,
			);
		};
/* End PBXProject section */

/* Begin PBXResourcesBuildPhase section */
		50180EAE230845F300A4020B /* Resources */ = {
			isa = PBXResourcesBuildPhase;
			buildActionMask = 2147483647;
			files = (
				50EA5FDF230883C800659D0B /* Localizable.strings in Resources */,
				50180EBE230845F400A4020B /* LaunchScreen.storyboard in Resources */,
				50EA5FDA23086CDF00659D0B /* GoogleService-Info.plist in Resources */,
				50180EBB230845F400A4020B /* Assets.xcassets in Resources */,
				50180EB9230845F300A4020B /* Main.storyboard in Resources */,
			);
			runOnlyForDeploymentPostprocessing = 0;
		};
/* End PBXResourcesBuildPhase section */

/* Begin PBXShellScriptBuildPhase section */
		4C56E9E60188A2AC75BD1E96 /* [CP] Check Pods Manifest.lock */ = {
			isa = PBXShellScriptBuildPhase;
			buildActionMask = 2147483647;
			files = (
			);
			inputPaths = (
				"${PODS_PODFILE_DIR_PATH}/Podfile.lock",
				"${PODS_ROOT}/Manifest.lock",
			);
			name = "[CP] Check Pods Manifest.lock";
			outputPaths = (
				"$(DERIVED_FILE_DIR)/Pods-UploadImage-checkManifestLockResult.txt",
			);
			runOnlyForDeploymentPostprocessing = 0;
			shellPath = /bin/sh;
			shellScript = "diff \"${PODS_PODFILE_DIR_PATH}/Podfile.lock\" \"${PODS_ROOT}/Manifest.lock\" > /dev/null\nif [ $? != 0 ] ; then\n    # print error to STDERR\n    echo \"error: The sandbox is not in sync with the Podfile.lock. Run 'pod install' or update your CocoaPods installation.\" >&2\n    exit 1\nfi\n# This output is used by Xcode 'outputs' to avoid re-running this script phase.\necho \"SUCCESS\" > \"${SCRIPT_OUTPUT_FILE_0}\"\n";
			showEnvVarsInLog = 0;
		};
		7E9C69CF9C1D2EA488706E2B /* [CP] Embed Pods Frameworks */ = {
			isa = PBXShellScriptBuildPhase;
			buildActionMask = 2147483647;
			files = (
			);
			inputPaths = (
				"${SRCROOT}/Pods/Target Support Files/Pods-UploadImage/Pods-UploadImage-frameworks.sh",
				"${BUILT_PRODUCTS_DIR}/Alamofire/Alamofire.framework",
			);
			name = "[CP] Embed Pods Frameworks";
			outputPaths = (
				"${TARGET_BUILD_DIR}/${FRAMEWORKS_FOLDER_PATH}/Alamofire.framework",
			);
			runOnlyForDeploymentPostprocessing = 0;
			shellPath = /bin/sh;
			shellScript = "\"${SRCROOT}/Pods/Target Support Files/Pods-UploadImage/Pods-UploadImage-frameworks.sh\"\n";
			showEnvVarsInLog = 0;
		};
/* End PBXShellScriptBuildPhase section */

/* Begin PBXSourcesBuildPhase section */
		50180EAC230845F300A4020B /* Sources */ = {
			isa = PBXSourcesBuildPhase;
			buildActionMask = 2147483647;
			files = (
				50EA5FD2230849F500659D0B /* MyDrawingImageView.swift in Sources */,
				50180EB6230845F300A4020B /* ViewController.swift in Sources */,
				50180EB4230845F300A4020B /* AppDelegate.swift in Sources */,
			);
			runOnlyForDeploymentPostprocessing = 0;
		};
/* End PBXSourcesBuildPhase section */

/* Begin PBXVariantGroup section */
		50180EB7230845F300A4020B /* Main.storyboard */ = {
			isa = PBXVariantGroup;
			children = (
				50180EB8230845F300A4020B /* Base */,
			);
			name = Main.storyboard;
			sourceTree = "<group>";
		};
		50180EBC230845F400A4020B /* LaunchScreen.storyboard */ = {
			isa = PBXVariantGroup;
			children = (
				50180EBD230845F400A4020B /* Base */,
			);
			name = LaunchScreen.storyboard;
			sourceTree = "<group>";
		};
		50EA5FE1230883C800659D0B /* Localizable.strings */ = {
			isa = PBXVariantGroup;
			children = (
				50EA5FE0230883C800659D0B /* en */,
				50EA5FE22308841400659D0B /* es-419 */,
				50EA5FE32308842200659D0B /* fr */,
			);
			name = Localizable.strings;
			sourceTree = "<group>";
		};
/* End PBXVariantGroup section */

/* Begin XCBuildConfiguration section */
		50180EC0230845F400A4020B /* Debug */ = {
			isa = XCBuildConfiguration;
			buildSettings = {
				ALWAYS_SEARCH_USER_PATHS = NO;
				CLANG_ANALYZER_LOCALIZABILITY_NONLOCALIZED = YES;
				CLANG_ANALYZER_NONNULL = YES;
				CLANG_ANALYZER_NUMBER_OBJECT_CONVERSION = YES_AGGRESSIVE;
				CLANG_CXX_LANGUAGE_STANDARD = "gnu++14";
				CLANG_CXX_LIBRARY = "libc++";
				CLANG_ENABLE_MODULES = YES;
				CLANG_ENABLE_OBJC_ARC = YES;
				CLANG_ENABLE_OBJC_WEAK = YES;
				CLANG_WARN_BLOCK_CAPTURE_AUTORELEASING = YES;
				CLANG_WARN_BOOL_CONVERSION = YES;
				CLANG_WARN_COMMA = YES;
				CLANG_WARN_CONSTANT_CONVERSION = YES;
				CLANG_WARN_DEPRECATED_OBJC_IMPLEMENTATIONS = YES;
				CLANG_WARN_DIRECT_OBJC_ISA_USAGE = YES_ERROR;
				CLANG_WARN_DOCUMENTATION_COMMENTS = YES;
				CLANG_WARN_EMPTY_BODY = YES;
				CLANG_WARN_ENUM_CONVERSION = YES;
				CLANG_WARN_INFINITE_RECURSION = YES;
				CLANG_WARN_INT_CONVERSION = YES;
				CLANG_WARN_NON_LITERAL_NULL_CONVERSION = YES;
				CLANG_WARN_OBJC_IMPLICIT_RETAIN_SELF = YES;
				CLANG_WARN_OBJC_LITERAL_CONVERSION = YES;
				CLANG_WARN_OBJC_ROOT_CLASS = YES_ERROR;
				CLANG_WARN_RANGE_LOOP_ANALYSIS = YES;
				CLANG_WARN_STRICT_PROTOTYPES = YES;
				CLANG_WARN_SUSPICIOUS_MOVE = YES;
				CLANG_WARN_UNGUARDED_AVAILABILITY = YES_AGGRESSIVE;
				CLANG_WARN_UNREACHABLE_CODE = YES;
				CLANG_WARN__DUPLICATE_METHOD_MATCH = YES;
				CODE_SIGN_IDENTITY = "iPhone Developer";
				COPY_PHASE_STRIP = NO;
				DEBUG_INFORMATION_FORMAT = dwarf;
				ENABLE_STRICT_OBJC_MSGSEND = YES;
				ENABLE_TESTABILITY = YES;
				GCC_C_LANGUAGE_STANDARD = gnu11;
				GCC_DYNAMIC_NO_PIC = NO;
				GCC_NO_COMMON_BLOCKS = YES;
				GCC_OPTIMIZATION_LEVEL = 0;
				GCC_PREPROCESSOR_DEFINITIONS = (
					"DEBUG=1",
					"$(inherited)",
				);
				GCC_WARN_64_TO_32_BIT_CONVERSION = YES;
				GCC_WARN_ABOUT_RETURN_TYPE = YES_ERROR;
				GCC_WARN_UNDECLARED_SELECTOR = YES;
				GCC_WARN_UNINITIALIZED_AUTOS = YES_AGGRESSIVE;
				GCC_WARN_UNUSED_FUNCTION = YES;
				GCC_WARN_UNUSED_VARIABLE = YES;
				IPHONEOS_DEPLOYMENT_TARGET = 12.2;
				MTL_ENABLE_DEBUG_INFO = INCLUDE_SOURCE;
				MTL_FAST_MATH = YES;
				ONLY_ACTIVE_ARCH = YES;
				SDKROOT = iphoneos;
				SWIFT_ACTIVE_COMPILATION_CONDITIONS = DEBUG;
				SWIFT_OPTIMIZATION_LEVEL = "-Onone";
			};
			name = Debug;
		};
		50180EC1230845F400A4020B /* Release */ = {
			isa = XCBuildConfiguration;
			buildSettings = {
				ALWAYS_SEARCH_USER_PATHS = NO;
				CLANG_ANALYZER_LOCALIZABILITY_NONLOCALIZED = YES;
				CLANG_ANALYZER_NONNULL = YES;
				CLANG_ANALYZER_NUMBER_OBJECT_CONVERSION = YES_AGGRESSIVE;
				CLANG_CXX_LANGUAGE_STANDARD = "gnu++14";
				CLANG_CXX_LIBRARY = "libc++";
				CLANG_ENABLE_MODULES = YES;
				CLANG_ENABLE_OBJC_ARC = YES;
				CLANG_ENABLE_OBJC_WEAK = YES;
				CLANG_WARN_BLOCK_CAPTURE_AUTORELEASING = YES;
				CLANG_WARN_BOOL_CONVERSION = YES;
				CLANG_WARN_COMMA = YES;
				CLANG_WARN_CONSTANT_CONVERSION = YES;
				CLANG_WARN_DEPRECATED_OBJC_IMPLEMENTATIONS = YES;
				CLANG_WARN_DIRECT_OBJC_ISA_USAGE = YES_ERROR;
				CLANG_WARN_DOCUMENTATION_COMMENTS = YES;
				CLANG_WARN_EMPTY_BODY = YES;
				CLANG_WARN_ENUM_CONVERSION = YES;
				CLANG_WARN_INFINITE_RECURSION = YES;
				CLANG_WARN_INT_CONVERSION = YES;
				CLANG_WARN_NON_LITERAL_NULL_CONVERSION = YES;
				CLANG_WARN_OBJC_IMPLICIT_RETAIN_SELF = YES;
				CLANG_WARN_OBJC_LITERAL_CONVERSION = YES;
				CLANG_WARN_OBJC_ROOT_CLASS = YES_ERROR;
				CLANG_WARN_RANGE_LOOP_ANALYSIS = YES;
				CLANG_WARN_STRICT_PROTOTYPES = YES;
				CLANG_WARN_SUSPICIOUS_MOVE = YES;
				CLANG_WARN_UNGUARDED_AVAILABILITY = YES_AGGRESSIVE;
				CLANG_WARN_UNREACHABLE_CODE = YES;
				CLANG_WARN__DUPLICATE_METHOD_MATCH = YES;
				CODE_SIGN_IDENTITY = "iPhone Developer";
				COPY_PHASE_STRIP = NO;
				DEBUG_INFORMATION_FORMAT = "dwarf-with-dsym";
				ENABLE_NS_ASSERTIONS = NO;
				ENABLE_STRICT_OBJC_MSGSEND = YES;
				GCC_C_LANGUAGE_STANDARD = gnu11;
				GCC_NO_COMMON_BLOCKS = YES;
				GCC_WARN_64_TO_32_BIT_CONVERSION = YES;
				GCC_WARN_ABOUT_RETURN_TYPE = YES_ERROR;
				GCC_WARN_UNDECLARED_SELECTOR = YES;
				GCC_WARN_UNINITIALIZED_AUTOS = YES_AGGRESSIVE;
				GCC_WARN_UNUSED_FUNCTION = YES;
				GCC_WARN_UNUSED_VARIABLE = YES;
				IPHONEOS_DEPLOYMENT_TARGET = 12.2;
				MTL_ENABLE_DEBUG_INFO = NO;
				MTL_FAST_MATH = YES;
				SDKROOT = iphoneos;
				SWIFT_COMPILATION_MODE = wholemodule;
				SWIFT_OPTIMIZATION_LEVEL = "-O";
				VALIDATE_PRODUCT = YES;
			};
			name = Release;
		};
		50180EC3230845F400A4020B /* Debug */ = {
			isa = XCBuildConfiguration;
			baseConfigurationReference = B4D6DA14B1617799A3347A20 /* Pods-UploadImage.debug.xcconfig */;
			buildSettings = {
				ASSETCATALOG_COMPILER_APPICON_NAME = AppIcon;
				CODE_SIGN_STYLE = Automatic;
				DEVELOPMENT_TEAM = Y2ZNTF969V;
				INFOPLIST_FILE = UploadImage/Info.plist;
				LD_RUNPATH_SEARCH_PATHS = (
					"$(inherited)",
					"@executable_path/Frameworks",
				);
				PRODUCT_BUNDLE_IDENTIFIER = mx.rosales.daniel.UploadImage;
				PRODUCT_NAME = "$(TARGET_NAME)";
				SWIFT_VERSION = 5.0;
				TARGETED_DEVICE_FAMILY = 1;
			};
			name = Debug;
		};
		50180EC4230845F400A4020B /* Release */ = {
			isa = XCBuildConfiguration;
			baseConfigurationReference = DA8C58366F84CC9C6CB03645 /* Pods-UploadImage.release.xcconfig */;
			buildSettings = {
				ASSETCATALOG_COMPILER_APPICON_NAME = AppIcon;
				CODE_SIGN_STYLE = Automatic;
				DEVELOPMENT_TEAM = Y2ZNTF969V;
				INFOPLIST_FILE = UploadImage/Info.plist;
				LD_RUNPATH_SEARCH_PATHS = (
					"$(inherited)",
					"@executable_path/Frameworks",
				);
				PRODUCT_BUNDLE_IDENTIFIER = mx.rosales.daniel.UploadImage;
				PRODUCT_NAME = "$(TARGET_NAME)";
				SWIFT_VERSION = 5.0;
				TARGETED_DEVICE_FAMILY = 1;
			};
			name = Release;
		};
/* End XCBuildConfiguration section */

/* Begin XCConfigurationList section */
		50180EAB230845F200A4020B /* Build configuration list for PBXProject "UploadImage" */ = {
			isa = XCConfigurationList;
			buildConfigurations = (
				50180EC0230845F400A4020B /* Debug */,
				50180EC1230845F400A4020B /* Release */,
			);
			defaultConfigurationIsVisible = 0;
			defaultConfigurationName = Release;
		};
		50180EC2230845F400A4020B /* Build configuration list for PBXNativeTarget "UploadImage" */ = {
			isa = XCConfigurationList;
			buildConfigurations = (
				50180EC3230845F400A4020B /* Debug */,
				50180EC4230845F400A4020B /* Release */,
			);
			defaultConfigurationIsVisible = 0;
			defaultConfigurationName = Release;
		};
/* End XCConfigurationList section */
	};
	rootObject = 50180EA8230845F200A4020B /* Project object */;
}
