// !$*UTF8*$!
{
	archiveVersion = 1;
	classes = {
	};
	objectVersion = 50;
	objects = {

/* Begin PBXBuildFile section */
		5039810722BE6F5E00E1300E /* CustomButton.swift in Sources */ = {isa = PBXBuildFile; fileRef = 5039810622BE6F5E00E1300E /* CustomButton.swift */; };
		5039810922BE7AFE00E1300E /* Utils.swift in Sources */ = {isa = PBXBuildFile; fileRef = 5039810822BE7AFE00E1300E /* Utils.swift */; };
		5039810B22BE85E900E1300E /* giphy.gif in Resources */ = {isa = PBXBuildFile; fileRef = 5039810A22BE85E900E1300E /* giphy.gif */; };
		5039811222BE8FFB00E1300E /* UIImage+animatedGIF.m in Sources */ = {isa = PBXBuildFile; fileRef = 5039811022BE8FFB00E1300E /* UIImage+animatedGIF.m */; };
		5039811422BE9A3100E1300E /* iPho-ne Tutorial.pdf in Resources */ = {isa = PBXBuildFile; fileRef = 5039811322BE9A3100E1300E /* iPho-ne Tutorial.pdf */; };
		5039811822BE9F2D00E1300E /* webViewController.swift in Sources */ = {isa = PBXBuildFile; fileRef = 5039811722BE9F2D00E1300E /* webViewController.swift */; };
		5039811B22BEA25900E1300E /* WebKit.framework in Frameworks */ = {isa = PBXBuildFile; fileRef = 5039811A22BEA25900E1300E /* WebKit.framework */; };
		50ACEF8222BD84D900759B4D /* AppDelegate.swift in Sources */ = {isa = PBXBuildFile; fileRef = 50ACEF8122BD84D900759B4D /* AppDelegate.swift */; };
		50ACEF8422BD84D900759B4D /* ViewController.swift in Sources */ = {isa = PBXBuildFile; fileRef = 50ACEF8322BD84D900759B4D /* ViewController.swift */; };
		50ACEF8722BD84D900759B4D /* Main.storyboard in Resources */ = {isa = PBXBuildFile; fileRef = 50ACEF8522BD84D900759B4D /* Main.storyboard */; };
		50ACEF8922BD84E900759B4D /* Assets.xcassets in Resources */ = {isa = PBXBuildFile; fileRef = 50ACEF8822BD84E900759B4D /* Assets.xcassets */; };
		50ACEF8C22BD84E900759B4D /* LaunchScreen.storyboard in Resources */ = {isa = PBXBuildFile; fileRef = 50ACEF8A22BD84E900759B4D /* LaunchScreen.storyboard */; };
		50ACEF9522BD87AA00759B4D /* Champagne & Limousines Bold.ttf in Resources */ = {isa = PBXBuildFile; fileRef = 50ACEF9322BD87A900759B4D /* Champagne & Limousines Bold.ttf */; };
		50ACEF9622BD87AA00759B4D /* Champagne & Limousines.ttf in Resources */ = {isa = PBXBuildFile; fileRef = 50ACEF9422BD87AA00759B4D /* Champagne & Limousines.ttf */; };
		50ACEF9822BDBF3100759B4D /* LoginViewController.swift in Sources */ = {isa = PBXBuildFile; fileRef = 50ACEF9722BDBF3100759B4D /* LoginViewController.swift */; };
/* End PBXBuildFile section */

/* Begin PBXFileReference section */
		5039810622BE6F5E00E1300E /* CustomButton.swift */ = {isa = PBXFileReference; lastKnownFileType = sourcecode.swift; path = CustomButton.swift; sourceTree = "<group>"; };
		5039810822BE7AFE00E1300E /* Utils.swift */ = {isa = PBXFileReference; lastKnownFileType = sourcecode.swift; path = Utils.swift; sourceTree = "<group>"; };
		5039810A22BE85E900E1300E /* giphy.gif */ = {isa = PBXFileReference; lastKnownFileType = image.gif; name = giphy.gif; path = ../../Assets/images/giphy.gif; sourceTree = "<group>"; };
		5039810C22BE8AD800E1300E /* HamburguerMenu-Bridging-Header.h */ = {isa = PBXFileReference; lastKnownFileType = sourcecode.c.h; path = "HamburguerMenu-Bridging-Header.h"; sourceTree = "<group>"; };
		5039811022BE8FFB00E1300E /* UIImage+animatedGIF.m */ = {isa = PBXFileReference; fileEncoding = 4; lastKnownFileType = sourcecode.c.objc; path = "UIImage+animatedGIF.m"; sourceTree = "<group>"; };
		5039811122BE8FFB00E1300E /* UIImage+animatedGIF.h */ = {isa = PBXFileReference; fileEncoding = 4; lastKnownFileType = sourcecode.c.h; path = "UIImage+animatedGIF.h"; sourceTree = "<group>"; };
		5039811322BE9A3100E1300E /* iPho-ne Tutorial.pdf */ = {isa = PBXFileReference; lastKnownFileType = image.pdf; name = "iPho-ne Tutorial.pdf"; path = "../../Assets/iPho-ne Tutorial.pdf"; sourceTree = "<group>"; };
		5039811722BE9F2D00E1300E /* webViewController.swift */ = {isa = PBXFileReference; lastKnownFileType = sourcecode.swift; path = webViewController.swift; sourceTree = "<group>"; };
		5039811A22BEA25900E1300E /* WebKit.framework */ = {isa = PBXFileReference; lastKnownFileType = wrapper.framework; name = WebKit.framework; path = System/Library/Frameworks/WebKit.framework; sourceTree = SDKROOT; };
		50ACEF7E22BD84D900759B4D /* HamburguerMenu.app */ = {isa = PBXFileReference; explicitFileType = wrapper.application; includeInIndex = 0; path = HamburguerMenu.app; sourceTree = BUILT_PRODUCTS_DIR; };
		50ACEF8122BD84D900759B4D /* AppDelegate.swift */ = {isa = PBXFileReference; lastKnownFileType = sourcecode.swift; path = AppDelegate.swift; sourceTree = "<group>"; };
		50ACEF8322BD84D900759B4D /* ViewController.swift */ = {isa = PBXFileReference; lastKnownFileType = sourcecode.swift; path = ViewController.swift; sourceTree = "<group>"; };
		50ACEF8622BD84D900759B4D /* Base */ = {isa = PBXFileReference; lastKnownFileType = file.storyboard; name = Base; path = Base.lproj/Main.storyboard; sourceTree = "<group>"; };
		50ACEF8822BD84E900759B4D /* Assets.xcassets */ = {isa = PBXFileReference; lastKnownFileType = folder.assetcatalog; path = Assets.xcassets; sourceTree = "<group>"; };
		50ACEF8B22BD84E900759B4D /* Base */ = {isa = PBXFileReference; lastKnownFileType = file.storyboard; name = Base; path = Base.lproj/LaunchScreen.storyboard; sourceTree = "<group>"; };
		50ACEF8D22BD84E900759B4D /* Info.plist */ = {isa = PBXFileReference; lastKnownFileType = text.plist.xml; path = Info.plist; sourceTree = "<group>"; };
		50ACEF9322BD87A900759B4D /* Champagne & Limousines Bold.ttf */ = {isa = PBXFileReference; lastKnownFileType = file; name = "Champagne & Limousines Bold.ttf"; path = "../../Assets/Champagne & Limousines Bold.ttf"; sourceTree = "<group>"; };
		50ACEF9422BD87AA00759B4D /* Champagne & Limousines.ttf */ = {isa = PBXFileReference; lastKnownFileType = file; name = "Champagne & Limousines.ttf"; path = "../../Assets/Champagne & Limousines.ttf"; sourceTree = "<group>"; };
		50ACEF9722BDBF3100759B4D /* LoginViewController.swift */ = {isa = PBXFileReference; lastKnownFileType = sourcecode.swift; path = LoginViewController.swift; sourceTree = "<group>"; };
/* End PBXFileReference section */

/* Begin PBXFrameworksBuildPhase section */
		50ACEF7B22BD84D900759B4D /* Frameworks */ = {
			isa = PBXFrameworksBuildPhase;
			buildActionMask = 2147483647;
			files = (
				5039811B22BEA25900E1300E /* WebKit.framework in Frameworks */,
			);
			runOnlyForDeploymentPostprocessing = 0;
		};
/* End PBXFrameworksBuildPhase section */

/* Begin PBXGroup section */
		5039811922BEA25800E1300E /* Frameworks */ = {
			isa = PBXGroup;
			children = (
				5039811A22BEA25900E1300E /* WebKit.framework */,
			);
			name = Frameworks;
			sourceTree = "<group>";
		};
		50ACEF7522BD84D800759B4D = {
			isa = PBXGroup;
			children = (
				50ACEF8022BD84D900759B4D /* HamburguerMenu */,
				50ACEF7F22BD84D900759B4D /* Products */,
				5039811922BEA25800E1300E /* Frameworks */,
			);
			sourceTree = "<group>";
		};
		50ACEF7F22BD84D900759B4D /* Products */ = {
			isa = PBXGroup;
			children = (
				50ACEF7E22BD84D900759B4D /* HamburguerMenu.app */,
			);
			name = Products;
			sourceTree = "<group>";
		};
		50ACEF8022BD84D900759B4D /* HamburguerMenu */ = {
			isa = PBXGroup;
			children = (
				5039811322BE9A3100E1300E /* iPho-ne Tutorial.pdf */,
				5039811122BE8FFB00E1300E /* UIImage+animatedGIF.h */,
				5039811022BE8FFB00E1300E /* UIImage+animatedGIF.m */,
				5039810A22BE85E900E1300E /* giphy.gif */,
				50ACEF9322BD87A900759B4D /* Champagne & Limousines Bold.ttf */,
				50ACEF9422BD87AA00759B4D /* Champagne & Limousines.ttf */,
				50ACEF8122BD84D900759B4D /* AppDelegate.swift */,
				50ACEF8322BD84D900759B4D /* ViewController.swift */,
				50ACEF8522BD84D900759B4D /* Main.storyboard */,
				50ACEF8822BD84E900759B4D /* Assets.xcassets */,
				50ACEF8A22BD84E900759B4D /* LaunchScreen.storyboard */,
				50ACEF8D22BD84E900759B4D /* Info.plist */,
				50ACEF9722BDBF3100759B4D /* LoginViewController.swift */,
				5039810622BE6F5E00E1300E /* CustomButton.swift */,
				5039810822BE7AFE00E1300E /* Utils.swift */,
				5039810C22BE8AD800E1300E /* HamburguerMenu-Bridging-Header.h */,
				5039811722BE9F2D00E1300E /* webViewController.swift */,
			);
			path = HamburguerMenu;
			sourceTree = "<group>";
		};
/* End PBXGroup section */

/* Begin PBXNativeTarget section */
		50ACEF7D22BD84D900759B4D /* HamburguerMenu */ = {
			isa = PBXNativeTarget;
			buildConfigurationList = 50ACEF9022BD84E900759B4D /* Build configuration list for PBXNativeTarget "HamburguerMenu" */;
			buildPhases = (
				50ACEF7A22BD84D900759B4D /* Sources */,
				50ACEF7B22BD84D900759B4D /* Frameworks */,
				50ACEF7C22BD84D900759B4D /* Resources */,
			);
			buildRules = (
			);
			dependencies = (
			);
			name = HamburguerMenu;
			productName = HamburguerMenu;
			productReference = 50ACEF7E22BD84D900759B4D /* HamburguerMenu.app */;
			productType = "com.apple.product-type.application";
		};
/* End PBXNativeTarget section */

/* Begin PBXProject section */
		50ACEF7622BD84D900759B4D /* Project object */ = {
			isa = PBXProject;
			attributes = {
				LastSwiftUpdateCheck = 1020;
				LastUpgradeCheck = 1020;
				ORGANIZATIONNAME = "Dan Ros";
				TargetAttributes = {
					50ACEF7D22BD84D900759B4D = {
						CreatedOnToolsVersion = 10.2.1;
						LastSwiftMigration = 1020;
					};
				};
			};
			buildConfigurationList = 50ACEF7922BD84D900759B4D /* Build configuration list for PBXProject "HamburguerMenu" */;
			compatibilityVersion = "Xcode 9.3";
			developmentRegion = en;
			hasScannedForEncodings = 0;
			knownRegions = (
				en,
				Base,
			);
			mainGroup = 50ACEF7522BD84D800759B4D;
			productRefGroup = 50ACEF7F22BD84D900759B4D /* Products */;
			projectDirPath = "";
			projectRoot = "";
			targets = (
				50ACEF7D22BD84D900759B4D /* HamburguerMenu */,
			);
		};
/* End PBXProject section */

/* Begin PBXResourcesBuildPhase section */
		50ACEF7C22BD84D900759B4D /* Resources */ = {
			isa = PBXResourcesBuildPhase;
			buildActionMask = 2147483647;
			files = (
				50ACEF8C22BD84E900759B4D /* LaunchScreen.storyboard in Resources */,
				50ACEF9622BD87AA00759B4D /* Champagne & Limousines.ttf in Resources */,
				50ACEF8922BD84E900759B4D /* Assets.xcassets in Resources */,
				5039811422BE9A3100E1300E /* iPho-ne Tutorial.pdf in Resources */,
				50ACEF9522BD87AA00759B4D /* Champagne & Limousines Bold.ttf in Resources */,
				5039810B22BE85E900E1300E /* giphy.gif in Resources */,
				50ACEF8722BD84D900759B4D /* Main.storyboard in Resources */,
			);
			runOnlyForDeploymentPostprocessing = 0;
		};
/* End PBXResourcesBuildPhase section */

/* Begin PBXSourcesBuildPhase section */
		50ACEF7A22BD84D900759B4D /* Sources */ = {
			isa = PBXSourcesBuildPhase;
			buildActionMask = 2147483647;
			files = (
				5039811822BE9F2D00E1300E /* webViewController.swift in Sources */,
				5039810922BE7AFE00E1300E /* Utils.swift in Sources */,
				5039811222BE8FFB00E1300E /* UIImage+animatedGIF.m in Sources */,
				5039810722BE6F5E00E1300E /* CustomButton.swift in Sources */,
				50ACEF9822BDBF3100759B4D /* LoginViewController.swift in Sources */,
				50ACEF8422BD84D900759B4D /* ViewController.swift in Sources */,
				50ACEF8222BD84D900759B4D /* AppDelegate.swift in Sources */,
			);
			runOnlyForDeploymentPostprocessing = 0;
		};
/* End PBXSourcesBuildPhase section */

/* Begin PBXVariantGroup section */
		50ACEF8522BD84D900759B4D /* Main.storyboard */ = {
			isa = PBXVariantGroup;
			children = (
				50ACEF8622BD84D900759B4D /* Base */,
			);
			name = Main.storyboard;
			sourceTree = "<group>";
		};
		50ACEF8A22BD84E900759B4D /* LaunchScreen.storyboard */ = {
			isa = PBXVariantGroup;
			children = (
				50ACEF8B22BD84E900759B4D /* Base */,
			);
			name = LaunchScreen.storyboard;
			sourceTree = "<group>";
		};
/* End PBXVariantGroup section */

/* Begin XCBuildConfiguration section */
		50ACEF8E22BD84E900759B4D /* Debug */ = {
			isa = XCBuildConfiguration;
			buildSettings = {
				ALWAYS_SEARCH_USER_PATHS = NO;
				CLANG_ANALYZER_NONNULL = YES;
				CLANG_ANALYZER_NUMBER_OBJECT_CONVERSION = YES_AGGRESSIVE;
				CLANG_CXX_LANGUAGE_STANDARD = "gnu++14";
				CLANG_CXX_LIBRARY = "libc++";
				CLANG_ENABLE_MODULES = YES;
				CLANG_ENABLE_OBJC_ARC = YES;
				CLANG_ENABLE_OBJC_WEAK = YES;
				CLANG_WARN_BLOCK_CAPTURE_AUTORELEASING = YES;
				CLANG_WARN_BOOL_CONVERSION = YES;
				CLANG_WARN_COMMA = YES;
				CLANG_WARN_CONSTANT_CONVERSION = YES;
				CLANG_WARN_DEPRECATED_OBJC_IMPLEMENTATIONS = YES;
				CLANG_WARN_DIRECT_OBJC_ISA_USAGE = YES_ERROR;
				CLANG_WARN_DOCUMENTATION_COMMENTS = YES;
				CLANG_WARN_EMPTY_BODY = YES;
				CLANG_WARN_ENUM_CONVERSION = YES;
				CLANG_WARN_INFINITE_RECURSION = YES;
				CLANG_WARN_INT_CONVERSION = YES;
				CLANG_WARN_NON_LITERAL_NULL_CONVERSION = YES;
				CLANG_WARN_OBJC_IMPLICIT_RETAIN_SELF = YES;
				CLANG_WARN_OBJC_LITERAL_CONVERSION = YES;
				CLANG_WARN_OBJC_ROOT_CLASS = YES_ERROR;
				CLANG_WARN_RANGE_LOOP_ANALYSIS = YES;
				CLANG_WARN_STRICT_PROTOTYPES = YES;
				CLANG_WARN_SUSPICIOUS_MOVE = YES;
				CLANG_WARN_UNGUARDED_AVAILABILITY = YES_AGGRESSIVE;
				CLANG_WARN_UNREACHABLE_CODE = YES;
				CLANG_WARN__DUPLICATE_METHOD_MATCH = YES;
				CODE_SIGN_IDENTITY = "iPhone Developer";
				COPY_PHASE_STRIP = NO;
				DEBUG_INFORMATION_FORMAT = dwarf;
				ENABLE_STRICT_OBJC_MSGSEND = YES;
				ENABLE_TESTABILITY = YES;
				GCC_C_LANGUAGE_STANDARD = gnu11;
				GCC_DYNAMIC_NO_PIC = NO;
				GCC_NO_COMMON_BLOCKS = YES;
				GCC_OPTIMIZATION_LEVEL = 0;
				GCC_PREPROCESSOR_DEFINITIONS = (
					"DEBUG=1",
					"$(inherited)",
				);
				GCC_WARN_64_TO_32_BIT_CONVERSION = YES;
				GCC_WARN_ABOUT_RETURN_TYPE = YES_ERROR;
				GCC_WARN_UNDECLARED_SELECTOR = YES;
				GCC_WARN_UNINITIALIZED_AUTOS = YES_AGGRESSIVE;
				GCC_WARN_UNUSED_FUNCTION = YES;
				GCC_WARN_UNUSED_VARIABLE = YES;
				IPHONEOS_DEPLOYMENT_TARGET = 12.2;
				MTL_ENABLE_DEBUG_INFO = INCLUDE_SOURCE;
				MTL_FAST_MATH = YES;
				ONLY_ACTIVE_ARCH = YES;
				SDKROOT = iphoneos;
				SWIFT_ACTIVE_COMPILATION_CONDITIONS = DEBUG;
				SWIFT_OPTIMIZATION_LEVEL = "-Onone";
			};
			name = Debug;
		};
		50ACEF8F22BD84E900759B4D /* Release */ = {
			isa = XCBuildConfiguration;
			buildSettings = {
				ALWAYS_SEARCH_USER_PATHS = NO;
				CLANG_ANALYZER_NONNULL = YES;
				CLANG_ANALYZER_NUMBER_OBJECT_CONVERSION = YES_AGGRESSIVE;
				CLANG_CXX_LANGUAGE_STANDARD = "gnu++14";
				CLANG_CXX_LIBRARY = "libc++";
				CLANG_ENABLE_MODULES = YES;
				CLANG_ENABLE_OBJC_ARC = YES;
				CLANG_ENABLE_OBJC_WEAK = YES;
				CLANG_WARN_BLOCK_CAPTURE_AUTORELEASING = YES;
				CLANG_WARN_BOOL_CONVERSION = YES;
				CLANG_WARN_COMMA = YES;
				CLANG_WARN_CONSTANT_CONVERSION = YES;
				CLANG_WARN_DEPRECATED_OBJC_IMPLEMENTATIONS = YES;
				CLANG_WARN_DIRECT_OBJC_ISA_USAGE = YES_ERROR;
				CLANG_WARN_DOCUMENTATION_COMMENTS = YES;
				CLANG_WARN_EMPTY_BODY = YES;
				CLANG_WARN_ENUM_CONVERSION = YES;
				CLANG_WARN_INFINITE_RECURSION = YES;
				CLANG_WARN_INT_CONVERSION = YES;
				CLANG_WARN_NON_LITERAL_NULL_CONVERSION = YES;
				CLANG_WARN_OBJC_IMPLICIT_RETAIN_SELF = YES;
				CLANG_WARN_OBJC_LITERAL_CONVERSION = YES;
				CLANG_WARN_OBJC_ROOT_CLASS = YES_ERROR;
				CLANG_WARN_RANGE_LOOP_ANALYSIS = YES;
				CLANG_WARN_STRICT_PROTOTYPES = YES;
				CLANG_WARN_SUSPICIOUS_MOVE = YES;
				CLANG_WARN_UNGUARDED_AVAILABILITY = YES_AGGRESSIVE;
				CLANG_WARN_UNREACHABLE_CODE = YES;
				CLANG_WARN__DUPLICATE_METHOD_MATCH = YES;
				CODE_SIGN_IDENTITY = "iPhone Developer";
				COPY_PHASE_STRIP = NO;
				DEBUG_INFORMATION_FORMAT = "dwarf-with-dsym";
				ENABLE_NS_ASSERTIONS = NO;
				ENABLE_STRICT_OBJC_MSGSEND = YES;
				GCC_C_LANGUAGE_STANDARD = gnu11;
				GCC_NO_COMMON_BLOCKS = YES;
				GCC_WARN_64_TO_32_BIT_CONVERSION = YES;
				GCC_WARN_ABOUT_RETURN_TYPE = YES_ERROR;
				GCC_WARN_UNDECLARED_SELECTOR = YES;
				GCC_WARN_UNINITIALIZED_AUTOS = YES_AGGRESSIVE;
				GCC_WARN_UNUSED_FUNCTION = YES;
				GCC_WARN_UNUSED_VARIABLE = YES;
				IPHONEOS_DEPLOYMENT_TARGET = 12.2;
				MTL_ENABLE_DEBUG_INFO = NO;
				MTL_FAST_MATH = YES;
				SDKROOT = iphoneos;
				SWIFT_COMPILATION_MODE = wholemodule;
				SWIFT_OPTIMIZATION_LEVEL = "-O";
				VALIDATE_PRODUCT = YES;
			};
			name = Release;
		};
		50ACEF9122BD84E900759B4D /* Debug */ = {
			isa = XCBuildConfiguration;
			buildSettings = {
				ASSETCATALOG_COMPILER_APPICON_NAME = AppIcon;
				CLANG_ENABLE_MODULES = YES;
				CODE_SIGN_STYLE = Automatic;
				INFOPLIST_FILE = HamburguerMenu/Info.plist;
				LD_RUNPATH_SEARCH_PATHS = (
					"$(inherited)",
					"@executable_path/Frameworks",
				);
				PRODUCT_BUNDLE_IDENTIFIER = mx.rosales.daniel.HamburguerMenu;
				PRODUCT_NAME = "$(TARGET_NAME)";
				SWIFT_OBJC_BRIDGING_HEADER = "HamburguerMenu/HamburguerMenu-Bridging-Header.h";
				SWIFT_OPTIMIZATION_LEVEL = "-Onone";
				SWIFT_VERSION = 5.0;
				TARGETED_DEVICE_FAMILY = "1,2";
			};
			name = Debug;
		};
		50ACEF9222BD84E900759B4D /* Release */ = {
			isa = XCBuildConfiguration;
			buildSettings = {
				ASSETCATALOG_COMPILER_APPICON_NAME = AppIcon;
				CLANG_ENABLE_MODULES = YES;
				CODE_SIGN_STYLE = Automatic;
				INFOPLIST_FILE = HamburguerMenu/Info.plist;
				LD_RUNPATH_SEARCH_PATHS = (
					"$(inherited)",
					"@executable_path/Frameworks",
				);
				PRODUCT_BUNDLE_IDENTIFIER = mx.rosales.daniel.HamburguerMenu;
				PRODUCT_NAME = "$(TARGET_NAME)";
				SWIFT_OBJC_BRIDGING_HEADER = "HamburguerMenu/HamburguerMenu-Bridging-Header.h";
				SWIFT_VERSION = 5.0;
				TARGETED_DEVICE_FAMILY = "1,2";
			};
			name = Release;
		};
/* End XCBuildConfiguration section */

/* Begin XCConfigurationList section */
		50ACEF7922BD84D900759B4D /* Build configuration list for PBXProject "HamburguerMenu" */ = {
			isa = XCConfigurationList;
			buildConfigurations = (
				50ACEF8E22BD84E900759B4D /* Debug */,
				50ACEF8F22BD84E900759B4D /* Release */,
			);
			defaultConfigurationIsVisible = 0;
			defaultConfigurationName = Release;
		};
		50ACEF9022BD84E900759B4D /* Build configuration list for PBXNativeTarget "HamburguerMenu" */ = {
			isa = XCConfigurationList;
			buildConfigurations = (
				50ACEF9122BD84E900759B4D /* Debug */,
				50ACEF9222BD84E900759B4D /* Release */,
			);
			defaultConfigurationIsVisible = 0;
			defaultConfigurationName = Release;
		};
/* End XCConfigurationList section */
	};
	rootObject = 50ACEF7622BD84D900759B4D /* Project object */;
}
